
Microsoft Visual Studio Solution File, Format Version 12.00
# Visual Studio 2013
VisualStudioVersion = 12.0.21005.1
MinimumVisualStudioVersion = 10.0.40219.1
Project("{FAE04EC0-301F-11D3-BF4B-00C04F79EFBC}") = "Test1", "Test1\Test1\Test1.csproj", "{49E95F29-1139-44C4-AE7A-4157B3FFDCA3}"
EndProject
Project("{96E2B04D-8817-42C6-938A-82C39BA4D311}") = "Test1Content", "Test1\Test1Content\Test1Content.contentproj", "{8DE29C16-A929-464A-9FC9-F4AC1F850F27}"
EndProject
Global
	GlobalSection(SolutionConfigurationPlatforms) = preSolution
		Debug|x86 = Debug|x86
		Release|x86 = Release|x86
	EndGlobalSection
	GlobalSection(ProjectConfigurationPlatforms) = postSolution
		{49E95F29-1139-44C4-AE7A-4157B3FFDCA3}.Debug|x86.ActiveCfg = Debug|x86
		{49E95F29-1139-44C4-AE7A-4157B3FFDCA3}.Debug|x86.Build.0 = Debug|x86
		{49E95F29-1139-44C4-AE7A-4157B3FFDCA3}.Release|x86.ActiveCfg = Release|x86
		{49E95F29-1139-44C4-AE7A-4157B3FFDCA3}.Release|x86.Build.0 = Release|x86
		{8DE29C16-A929-464A-9FC9-F4AC1F850F27}.Debug|x86.ActiveCfg = Debug|x86
		{8DE29C16-A929-464A-9FC9-F4AC1F850F27}.Release|x86.ActiveCfg = Release|x86
	EndGlobalSection
	GlobalSection(SolutionProperties) = preSolution
		HideSolutionNode = FALSE
	EndGlobalSection
EndGlobal
